
Microsoft Visual Studio Solution File, Format Version 12.00
# Visual Studio Version 16
VisualStudioVersion = 16.0.32106.194
MinimumVisualStudioVersion = 10.0.40219.1
Project("{888888A0-9F3D-457C-B088-3A5042F75D52}") = "Star Progam", "Star Progam\Star Progam.pyproj", "{EC090223-9CC5-4FA5-AD70-C2197DD1126D}"
EndProject
Global
	GlobalSection(SolutionConfigurationPlatforms) = preSolution
		Debug|Any CPU = Debug|Any CPU
		Release|Any CPU = Release|Any CPU
	EndGlobalSection
	GlobalSection(ProjectConfigurationPlatforms) = postSolution
		{EC090223-9CC5-4FA5-AD70-C2197DD1126D}.Debug|Any CPU.ActiveCfg = Debug|Any CPU
		{EC090223-9CC5-4FA5-AD70-C2197DD1126D}.Release|Any CPU.ActiveCfg = Release|Any CPU
	EndGlobalSection
	GlobalSection(SolutionProperties) = preSolution
		HideSolutionNode = FALSE
	EndGlobalSection
	GlobalSection(ExtensibilityGlobals) = postSolution
		SolutionGuid = {0AA39081-3D1A-4A5C-86C7-8C633B3C8BE3}
	EndGlobalSection
EndGlobal
